// !$*UTF8*$!
{
	archiveVersion = 1;
	classes = {
	};
	objectVersion = 46;
	objects = {

/* Begin PBXBuildFile section */
		9B0D20001FA6C2DC0060D448 /* UIView+Extension.m in Sources */ = {isa = PBXBuildFile; fileRef = 9B0D1FFF1FA6C2DC0060D448 /* UIView+Extension.m */; };
		9B946FFF1FA3408C00BF2B1F /* main.m in Sources */ = {isa = PBXBuildFile; fileRef = 9B946FFE1FA3408C00BF2B1F /* main.m */; };
		9B9470021FA3408C00BF2B1F /* AppDelegate.m in Sources */ = {isa = PBXBuildFile; fileRef = 9B9470011FA3408C00BF2B1F /* AppDelegate.m */; };
		9B9470051FA3408C00BF2B1F /* ViewController.m in Sources */ = {isa = PBXBuildFile; fileRef = 9B9470041FA3408C00BF2B1F /* ViewController.m */; };
		9B9470081FA3408C00BF2B1F /* Main.storyboard in Resources */ = {isa = PBXBuildFile; fileRef = 9B9470061FA3408C00BF2B1F /* Main.storyboard */; };
		9B94700A1FA3408C00BF2B1F /* Assets.xcassets in Resources */ = {isa = PBXBuildFile; fileRef = 9B9470091FA3408C00BF2B1F /* Assets.xcassets */; };
		9B94700D1FA3408C00BF2B1F /* LaunchScreen.storyboard in Resources */ = {isa = PBXBuildFile; fileRef = 9B94700B1FA3408C00BF2B1F /* LaunchScreen.storyboard */; };
		9B9470181FA3408C00BF2B1F /* CodebaseTests.m in Sources */ = {isa = PBXBuildFile; fileRef = 9B9470171FA3408C00BF2B1F /* CodebaseTests.m */; };
		9B9470231FA3408C00BF2B1F /* CodebaseUITests.m in Sources */ = {isa = PBXBuildFile; fileRef = 9B9470221FA3408C00BF2B1F /* CodebaseUITests.m */; };
		9BA277D91FC3B7360034CE30 /* NSString+Extension.m in Sources */ = {isa = PBXBuildFile; fileRef = 9BA277D81FC3B7360034CE30 /* NSString+Extension.m */; };
		9BA277DD1FC3B7940034CE30 /* DeviceInfoManager.m in Sources */ = {isa = PBXBuildFile; fileRef = 9BA277DC1FC3B7940034CE30 /* DeviceInfoManager.m */; };
/* End PBXBuildFile section */

/* Begin PBXContainerItemProxy section */
		9B9470141FA3408C00BF2B1F /* PBXContainerItemProxy */ = {
			isa = PBXContainerItemProxy;
			containerPortal = 9B946FF21FA3408C00BF2B1F /* Project object */;
			proxyType = 1;
			remoteGlobalIDString = 9B946FF91FA3408C00BF2B1F;
			remoteInfo = Codebase;
		};
		9B94701F1FA3408C00BF2B1F /* PBXContainerItemProxy */ = {
			isa = PBXContainerItemProxy;
			containerPortal = 9B946FF21FA3408C00BF2B1F /* Project object */;
			proxyType = 1;
			remoteGlobalIDString = 9B946FF91FA3408C00BF2B1F;
			remoteInfo = Codebase;
		};
/* End PBXContainerItemProxy section */

/* Begin PBXFileReference section */
		9B0D1FFE1FA6C2DC0060D448 /* UIView+Extension.h */ = {isa = PBXFileReference; fileEncoding = 4; lastKnownFileType = sourcecode.c.h; path = "UIView+Extension.h"; sourceTree = "<group>"; };
		9B0D1FFF1FA6C2DC0060D448 /* UIView+Extension.m */ = {isa = PBXFileReference; fileEncoding = 4; lastKnownFileType = sourcecode.c.objc; path = "UIView+Extension.m"; sourceTree = "<group>"; };
		9B946FFA1FA3408C00BF2B1F /* Codebase.app */ = {isa = PBXFileReference; explicitFileType = wrapper.application; includeInIndex = 0; path = Codebase.app; sourceTree = BUILT_PRODUCTS_DIR; };
		9B946FFE1FA3408C00BF2B1F /* main.m */ = {isa = PBXFileReference; lastKnownFileType = sourcecode.c.objc; path = main.m; sourceTree = "<group>"; };
		9B9470001FA3408C00BF2B1F /* AppDelegate.h */ = {isa = PBXFileReference; lastKnownFileType = sourcecode.c.h; path = AppDelegate.h; sourceTree = "<group>"; };
		9B9470011FA3408C00BF2B1F /* AppDelegate.m */ = {isa = PBXFileReference; lastKnownFileType = sourcecode.c.objc; path = AppDelegate.m; sourceTree = "<group>"; };
		9B9470031FA3408C00BF2B1F /* ViewController.h */ = {isa = PBXFileReference; lastKnownFileType = sourcecode.c.h; path = ViewController.h; sourceTree = "<group>"; };
		9B9470041FA3408C00BF2B1F /* ViewController.m */ = {isa = PBXFileReference; lastKnownFileType = sourcecode.c.objc; path = ViewController.m; sourceTree = "<group>"; };
		9B9470071FA3408C00BF2B1F /* Base */ = {isa = PBXFileReference; lastKnownFileType = file.storyboard; name = Base; path = Base.lproj/Main.storyboard; sourceTree = "<group>"; };
		9B9470091FA3408C00BF2B1F /* Assets.xcassets */ = {isa = PBXFileReference; lastKnownFileType = folder.assetcatalog; path = Assets.xcassets; sourceTree = "<group>"; };
		9B94700C1FA3408C00BF2B1F /* Base */ = {isa = PBXFileReference; lastKnownFileType = file.storyboard; name = Base; path = Base.lproj/LaunchScreen.storyboard; sourceTree = "<group>"; };
		9B94700E1FA3408C00BF2B1F /* Info.plist */ = {isa = PBXFileReference; lastKnownFileType = text.plist.xml; path = Info.plist; sourceTree = "<group>"; };
		9B9470131FA3408C00BF2B1F /* CodebaseTests.xctest */ = {isa = PBXFileReference; explicitFileType = wrapper.cfbundle; includeInIndex = 0; path = CodebaseTests.xctest; sourceTree = BUILT_PRODUCTS_DIR; };
		9B9470171FA3408C00BF2B1F /* CodebaseTests.m */ = {isa = PBXFileReference; lastKnownFileType = sourcecode.c.objc; path = CodebaseTests.m; sourceTree = "<group>"; };
		9B9470191FA3408C00BF2B1F /* Info.plist */ = {isa = PBXFileReference; lastKnownFileType = text.plist.xml; path = Info.plist; sourceTree = "<group>"; };
		9B94701E1FA3408C00BF2B1F /* CodebaseUITests.xctest */ = {isa = PBXFileReference; explicitFileType = wrapper.cfbundle; includeInIndex = 0; path = CodebaseUITests.xctest; sourceTree = BUILT_PRODUCTS_DIR; };
		9B9470221FA3408C00BF2B1F /* CodebaseUITests.m */ = {isa = PBXFileReference; lastKnownFileType = sourcecode.c.objc; path = CodebaseUITests.m; sourceTree = "<group>"; };
		9B9470241FA3408C00BF2B1F /* Info.plist */ = {isa = PBXFileReference; lastKnownFileType = text.plist.xml; path = Info.plist; sourceTree = "<group>"; };
		9BA277D71FC3B7360034CE30 /* NSString+Extension.h */ = {isa = PBXFileReference; fileEncoding = 4; lastKnownFileType = sourcecode.c.h; path = "NSString+Extension.h"; sourceTree = "<group>"; };
		9BA277D81FC3B7360034CE30 /* NSString+Extension.m */ = {isa = PBXFileReference; fileEncoding = 4; lastKnownFileType = sourcecode.c.objc; path = "NSString+Extension.m"; sourceTree = "<group>"; };
		9BA277DB1FC3B7940034CE30 /* DeviceInfoManager.h */ = {isa = PBXFileReference; fileEncoding = 4; lastKnownFileType = sourcecode.c.h; path = DeviceInfoManager.h; sourceTree = "<group>"; };
		9BA277DC1FC3B7940034CE30 /* DeviceInfoManager.m */ = {isa = PBXFileReference; fileEncoding = 4; lastKnownFileType = sourcecode.c.objc; path = DeviceInfoManager.m; sourceTree = "<group>"; };
/* End PBXFileReference section */

/* Begin PBXFrameworksBuildPhase section */
		9B946FF71FA3408C00BF2B1F /* Frameworks */ = {
			isa = PBXFrameworksBuildPhase;
			buildActionMask = 2147483647;
			files = (
			);
			runOnlyForDeploymentPostprocessing = 0;
		};
		9B9470101FA3408C00BF2B1F /* Frameworks */ = {
			isa = PBXFrameworksBuildPhase;
			buildActionMask = 2147483647;
			files = (
			);
			runOnlyForDeploymentPostprocessing = 0;
		};
		9B94701B1FA3408C00BF2B1F /* Frameworks */ = {
			isa = PBXFrameworksBuildPhase;
			buildActionMask = 2147483647;
			files = (
			);
			runOnlyForDeploymentPostprocessing = 0;
		};
/* End PBXFrameworksBuildPhase section */

/* Begin PBXGroup section */
		9B0D1FF61FA6BC8E0060D448 /* Foundation_Category */ = {
			isa = PBXGroup;
			children = (
				9BA277D71FC3B7360034CE30 /* NSString+Extension.h */,
				9BA277D81FC3B7360034CE30 /* NSString+Extension.m */,
			);
			path = Foundation_Category;
			sourceTree = "<group>";
		};
		9B0D1FF71FA6BC8E0060D448 /* UIKit_Category */ = {
			isa = PBXGroup;
			children = (
				9B0D1FFE1FA6C2DC0060D448 /* UIView+Extension.h */,
				9B0D1FFF1FA6C2DC0060D448 /* UIView+Extension.m */,
			);
			path = UIKit_Category;
			sourceTree = "<group>";
		};
		9B946FF11FA3408C00BF2B1F = {
			isa = PBXGroup;
			children = (
				9B946FFC1FA3408C00BF2B1F /* Codebase */,
				9B9470161FA3408C00BF2B1F /* CodebaseTests */,
				9B9470211FA3408C00BF2B1F /* CodebaseUITests */,
				9B946FFB1FA3408C00BF2B1F /* Products */,
			);
			sourceTree = "<group>";
		};
		9B946FFB1FA3408C00BF2B1F /* Products */ = {
			isa = PBXGroup;
			children = (
				9B946FFA1FA3408C00BF2B1F /* Codebase.app */,
				9B9470131FA3408C00BF2B1F /* CodebaseTests.xctest */,
				9B94701E1FA3408C00BF2B1F /* CodebaseUITests.xctest */,
			);
			name = Products;
			sourceTree = "<group>";
		};
		9B946FFC1FA3408C00BF2B1F /* Codebase */ = {
			isa = PBXGroup;
			children = (
				9B0D1FF61FA6BC8E0060D448 /* Foundation_Category */,
				9B0D1FF71FA6BC8E0060D448 /* UIKit_Category */,
				9BA277DA1FC3B77B0034CE30 /* Manager */,
				9B9470301FA3447D00BF2B1F /* Other */,
				9B946FFD1FA3408C00BF2B1F /* Supporting Files */,
			);
			path = Codebase;
			sourceTree = "<group>";
		};
		9B946FFD1FA3408C00BF2B1F /* Supporting Files */ = {
			isa = PBXGroup;
			children = (
				9B946FFE1FA3408C00BF2B1F /* main.m */,
			);
			name = "Supporting Files";
			sourceTree = "<group>";
		};
		9B9470161FA3408C00BF2B1F /* CodebaseTests */ = {
			isa = PBXGroup;
			children = (
				9B9470171FA3408C00BF2B1F /* CodebaseTests.m */,
				9B9470191FA3408C00BF2B1F /* Info.plist */,
			);
			path = CodebaseTests;
			sourceTree = "<group>";
		};
		9B9470211FA3408C00BF2B1F /* CodebaseUITests */ = {
			isa = PBXGroup;
			children = (
				9B9470221FA3408C00BF2B1F /* CodebaseUITests.m */,
				9B9470241FA3408C00BF2B1F /* Info.plist */,
			);
			path = CodebaseUITests;
			sourceTree = "<group>";
		};
		9B9470301FA3447D00BF2B1F /* Other */ = {
			isa = PBXGroup;
			children = (
				9B9470001FA3408C00BF2B1F /* AppDelegate.h */,
				9B9470011FA3408C00BF2B1F /* AppDelegate.m */,
				9B9470031FA3408C00BF2B1F /* ViewController.h */,
				9B9470041FA3408C00BF2B1F /* ViewController.m */,
				9B9470061FA3408C00BF2B1F /* Main.storyboard */,
				9B9470091FA3408C00BF2B1F /* Assets.xcassets */,
				9B94700B1FA3408C00BF2B1F /* LaunchScreen.storyboard */,
				9B94700E1FA3408C00BF2B1F /* Info.plist */,
			);
			name = Other;
			sourceTree = "<group>";
		};
		9BA277DA1FC3B77B0034CE30 /* Manager */ = {
			isa = PBXGroup;
			children = (
				9BA277DB1FC3B7940034CE30 /* DeviceInfoManager.h */,
				9BA277DC1FC3B7940034CE30 /* DeviceInfoManager.m */,
			);
			path = Manager;
			sourceTree = "<group>";
		};
/* End PBXGroup section */

/* Begin PBXNativeTarget section */
		9B946FF91FA3408C00BF2B1F /* Codebase */ = {
			isa = PBXNativeTarget;
			buildConfigurationList = 9B9470271FA3408C00BF2B1F /* Build configuration list for PBXNativeTarget "Codebase" */;
			buildPhases = (
				9B946FF61FA3408C00BF2B1F /* Sources */,
				9B946FF71FA3408C00BF2B1F /* Frameworks */,
				9B946FF81FA3408C00BF2B1F /* Resources */,
			);
			buildRules = (
			);
			dependencies = (
			);
			name = Codebase;
			productName = Codebase;
			productReference = 9B946FFA1FA3408C00BF2B1F /* Codebase.app */;
			productType = "com.apple.product-type.application";
		};
		9B9470121FA3408C00BF2B1F /* CodebaseTests */ = {
			isa = PBXNativeTarget;
			buildConfigurationList = 9B94702A1FA3408C00BF2B1F /* Build configuration list for PBXNativeTarget "CodebaseTests" */;
			buildPhases = (
				9B94700F1FA3408C00BF2B1F /* Sources */,
				9B9470101FA3408C00BF2B1F /* Frameworks */,
				9B9470111FA3408C00BF2B1F /* Resources */,
			);
			buildRules = (
			);
			dependencies = (
				9B9470151FA3408C00BF2B1F /* PBXTargetDependency */,
			);
			name = CodebaseTests;
			productName = CodebaseTests;
			productReference = 9B9470131FA3408C00BF2B1F /* CodebaseTests.xctest */;
			productType = "com.apple.product-type.bundle.unit-test";
		};
		9B94701D1FA3408C00BF2B1F /* CodebaseUITests */ = {
			isa = PBXNativeTarget;
			buildConfigurationList = 9B94702D1FA3408C00BF2B1F /* Build configuration list for PBXNativeTarget "CodebaseUITests" */;
			buildPhases = (
				9B94701A1FA3408C00BF2B1F /* Sources */,
				9B94701B1FA3408C00BF2B1F /* Frameworks */,
				9B94701C1FA3408C00BF2B1F /* Resources */,
			);
			buildRules = (
			);
			dependencies = (
				9B9470201FA3408C00BF2B1F /* PBXTargetDependency */,
			);
			name = CodebaseUITests;
			productName = CodebaseUITests;
			productReference = 9B94701E1FA3408C00BF2B1F /* CodebaseUITests.xctest */;
			productType = "com.apple.product-type.bundle.ui-testing";
		};
/* End PBXNativeTarget section */

/* Begin PBXProject section */
		9B946FF21FA3408C00BF2B1F /* Project object */ = {
			isa = PBXProject;
			attributes = {
				LastUpgradeCheck = 0830;
				ORGANIZATIONNAME = diaoshihao;
				TargetAttributes = {
					9B946FF91FA3408C00BF2B1F = {
						CreatedOnToolsVersion = 8.3.3;
						ProvisioningStyle = Automatic;
					};
					9B9470121FA3408C00BF2B1F = {
						CreatedOnToolsVersion = 8.3.3;
						ProvisioningStyle = Automatic;
						TestTargetID = 9B946FF91FA3408C00BF2B1F;
					};
					9B94701D1FA3408C00BF2B1F = {
						CreatedOnToolsVersion = 8.3.3;
						ProvisioningStyle = Automatic;
						TestTargetID = 9B946FF91FA3408C00BF2B1F;
					};
				};
			};
			buildConfigurationList = 9B946FF51FA3408C00BF2B1F /* Build configuration list for PBXProject "Codebase" */;
			compatibilityVersion = "Xcode 3.2";
			developmentRegion = English;
			hasScannedForEncodings = 0;
			knownRegions = (
				en,
				Base,
			);
			mainGroup = 9B946FF11FA3408C00BF2B1F;
			productRefGroup = 9B946FFB1FA3408C00BF2B1F /* Products */;
			projectDirPath = "";
			projectRoot = "";
			targets = (
				9B946FF91FA3408C00BF2B1F /* Codebase */,
				9B9470121FA3408C00BF2B1F /* CodebaseTests */,
				9B94701D1FA3408C00BF2B1F /* CodebaseUITests */,
			);
		};
/* End PBXProject section */

/* Begin PBXResourcesBuildPhase section */
		9B946FF81FA3408C00BF2B1F /* Resources */ = {
			isa = PBXResourcesBuildPhase;
			buildActionMask = 2147483647;
			files = (
				9B94700D1FA3408C00BF2B1F /* LaunchScreen.storyboard in Resources */,
				9B94700A1FA3408C00BF2B1F /* Assets.xcassets in Resources */,
				9B9470081FA3408C00BF2B1F /* Main.storyboard in Resources */,
			);
			runOnlyForDeploymentPostprocessing = 0;
		};
		9B9470111FA3408C00BF2B1F /* Resources */ = {
			isa = PBXResourcesBuildPhase;
			buildActionMask = 2147483647;
			files = (
			);
			runOnlyForDeploymentPostprocessing = 0;
		};
		9B94701C1FA3408C00BF2B1F /* Resources */ = {
			isa = PBXResourcesBuildPhase;
			buildActionMask = 2147483647;
			files = (
			);
			runOnlyForDeploymentPostprocessing = 0;
		};
/* End PBXResourcesBuildPhase section */

/* Begin PBXSourcesBuildPhase section */
		9B946FF61FA3408C00BF2B1F /* Sources */ = {
			isa = PBXSourcesBuildPhase;
			buildActionMask = 2147483647;
			files = (
				9B0D20001FA6C2DC0060D448 /* UIView+Extension.m in Sources */,
				9BA277D91FC3B7360034CE30 /* NSString+Extension.m in Sources */,
				9B9470051FA3408C00BF2B1F /* ViewController.m in Sources */,
				9BA277DD1FC3B7940034CE30 /* DeviceInfoManager.m in Sources */,
				9B9470021FA3408C00BF2B1F /* AppDelegate.m in Sources */,
				9B946FFF1FA3408C00BF2B1F /* main.m in Sources */,
			);
			runOnlyForDeploymentPostprocessing = 0;
		};
		9B94700F1FA3408C00BF2B1F /* Sources */ = {
			isa = PBXSourcesBuildPhase;
			buildActionMask = 2147483647;
			files = (
				9B9470181FA3408C00BF2B1F /* CodebaseTests.m in Sources */,
			);
			runOnlyForDeploymentPostprocessing = 0;
		};
		9B94701A1FA3408C00BF2B1F /* Sources */ = {
			isa = PBXSourcesBuildPhase;
			buildActionMask = 2147483647;
			files = (
				9B9470231FA3408C00BF2B1F /* CodebaseUITests.m in Sources */,
			);
			runOnlyForDeploymentPostprocessing = 0;
		};
/* End PBXSourcesBuildPhase section */

/* Begin PBXTargetDependency section */
		9B9470151FA3408C00BF2B1F /* PBXTargetDependency */ = {
			isa = PBXTargetDependency;
			target = 9B946FF91FA3408C00BF2B1F /* Codebase */;
			targetProxy = 9B9470141FA3408C00BF2B1F /* PBXContainerItemProxy */;
		};
		9B9470201FA3408C00BF2B1F /* PBXTargetDependency */ = {
			isa = PBXTargetDependency;
			target = 9B946FF91FA3408C00BF2B1F /* Codebase */;
			targetProxy = 9B94701F1FA3408C00BF2B1F /* PBXContainerItemProxy */;
		};
/* End PBXTargetDependency section */

/* Begin PBXVariantGroup section */
		9B9470061FA3408C00BF2B1F /* Main.storyboard */ = {
			isa = PBXVariantGroup;
			children = (
				9B9470071FA3408C00BF2B1F /* Base */,
			);
			name = Main.storyboard;
			sourceTree = "<group>";
		};
		9B94700B1FA3408C00BF2B1F /* LaunchScreen.storyboard */ = {
			isa = PBXVariantGroup;
			children = (
				9B94700C1FA3408C00BF2B1F /* Base */,
			);
			name = LaunchScreen.storyboard;
			sourceTree = "<group>";
		};
/* End PBXVariantGroup section */

/* Begin XCBuildConfiguration section */
		9B9470251FA3408C00BF2B1F /* Debug */ = {
			isa = XCBuildConfiguration;
			buildSettings = {
				ALWAYS_SEARCH_USER_PATHS = NO;
				CLANG_ANALYZER_NONNULL = YES;
				CLANG_ANALYZER_NUMBER_OBJECT_CONVERSION = YES_AGGRESSIVE;
				CLANG_CXX_LANGUAGE_STANDARD = "gnu++0x";
				CLANG_CXX_LIBRARY = "libc++";
				CLANG_ENABLE_MODULES = YES;
				CLANG_ENABLE_OBJC_ARC = YES;
				CLANG_WARN_BOOL_CONVERSION = YES;
				CLANG_WARN_CONSTANT_CONVERSION = YES;
				CLANG_WARN_DIRECT_OBJC_ISA_USAGE = YES_ERROR;
				CLANG_WARN_DOCUMENTATION_COMMENTS = YES;
				CLANG_WARN_EMPTY_BODY = YES;
				CLANG_WARN_ENUM_CONVERSION = YES;
				CLANG_WARN_INFINITE_RECURSION = YES;
				CLANG_WARN_INT_CONVERSION = YES;
				CLANG_WARN_OBJC_ROOT_CLASS = YES_ERROR;
				CLANG_WARN_SUSPICIOUS_MOVE = YES;
				CLANG_WARN_UNREACHABLE_CODE = YES;
				CLANG_WARN__DUPLICATE_METHOD_MATCH = YES;
				"CODE_SIGN_IDENTITY[sdk=iphoneos*]" = "iPhone Developer";
				COPY_PHASE_STRIP = NO;
				DEBUG_INFORMATION_FORMAT = dwarf;
				ENABLE_STRICT_OBJC_MSGSEND = YES;
				ENABLE_TESTABILITY = YES;
				GCC_C_LANGUAGE_STANDARD = gnu99;
				GCC_DYNAMIC_NO_PIC = NO;
				GCC_NO_COMMON_BLOCKS = YES;
				GCC_OPTIMIZATION_LEVEL = 0;
				GCC_PREPROCESSOR_DEFINITIONS = (
					"DEBUG=1",
					"$(inherited)",
				);
				GCC_WARN_64_TO_32_BIT_CONVERSION = YES;
				GCC_WARN_ABOUT_RETURN_TYPE = YES_ERROR;
				GCC_WARN_UNDECLARED_SELECTOR = YES;
				GCC_WARN_UNINITIALIZED_AUTOS = YES_AGGRESSIVE;
				GCC_WARN_UNUSED_FUNCTION = YES;
				GCC_WARN_UNUSED_VARIABLE = YES;
				IPHONEOS_DEPLOYMENT_TARGET = 10.3;
				MTL_ENABLE_DEBUG_INFO = YES;
				ONLY_ACTIVE_ARCH = YES;
				SDKROOT = iphoneos;
				TARGETED_DEVICE_FAMILY = "1,2";
			};
			name = Debug;
		};
		9B9470261FA3408C00BF2B1F /* Release */ = {
			isa = XCBuildConfiguration;
			buildSettings = {
				ALWAYS_SEARCH_USER_PATHS = NO;
				CLANG_ANALYZER_NONNULL = YES;
				CLANG_ANALYZER_NUMBER_OBJECT_CONVERSION = YES_AGGRESSIVE;
				CLANG_CXX_LANGUAGE_STANDARD = "gnu++0x";
				CLANG_CXX_LIBRARY = "libc++";
				CLANG_ENABLE_MODULES = YES;
				CLANG_ENABLE_OBJC_ARC = YES;
				CLANG_WARN_BOOL_CONVERSION = YES;
				CLANG_WARN_CONSTANT_CONVERSION = YES;
				CLANG_WARN_DIRECT_OBJC_ISA_USAGE = YES_ERROR;
				CLANG_WARN_DOCUMENTATION_COMMENTS = YES;
				CLANG_WARN_EMPTY_BODY = YES;
				CLANG_WARN_ENUM_CONVERSION = YES;
				CLANG_WARN_INFINITE_RECURSION = YES;
				CLANG_WARN_INT_CONVERSION = YES;
				CLANG_WARN_OBJC_ROOT_CLASS = YES_ERROR;
				CLANG_WARN_SUSPICIOUS_MOVE = YES;
				CLANG_WARN_UNREACHABLE_CODE = YES;
				CLANG_WARN__DUPLICATE_METHOD_MATCH = YES;
				"CODE_SIGN_IDENTITY[sdk=iphoneos*]" = "iPhone Developer";
				COPY_PHASE_STRIP = NO;
				DEBUG_INFORMATION_FORMAT = "dwarf-with-dsym";
				ENABLE_NS_ASSERTIONS = NO;
				ENABLE_STRICT_OBJC_MSGSEND = YES;
				GCC_C_LANGUAGE_STANDARD = gnu99;
				GCC_NO_COMMON_BLOCKS = YES;
				GCC_WARN_64_TO_32_BIT_CONVERSION = YES;
				GCC_WARN_ABOUT_RETURN_TYPE = YES_ERROR;
				GCC_WARN_UNDECLARED_SELECTOR = YES;
				GCC_WARN_UNINITIALIZED_AUTOS = YES_AGGRESSIVE;
				GCC_WARN_UNUSED_FUNCTION = YES;
				GCC_WARN_UNUSED_VARIABLE = YES;
				IPHONEOS_DEPLOYMENT_TARGET = 10.3;
				MTL_ENABLE_DEBUG_INFO = NO;
				SDKROOT = iphoneos;
				TARGETED_DEVICE_FAMILY = "1,2";
				VALIDATE_PRODUCT = YES;
			};
			name = Release;
		};
		9B9470281FA3408C00BF2B1F /* Debug */ = {
			isa = XCBuildConfiguration;
			buildSettings = {
				ASSETCATALOG_COMPILER_APPICON_NAME = AppIcon;
				INFOPLIST_FILE = Codebase/Info.plist;
				LD_RUNPATH_SEARCH_PATHS = "$(inherited) @executable_path/Frameworks";
				PRODUCT_BUNDLE_IDENTIFIER = com.diaoshihao.Codebase;
				PRODUCT_NAME = "$(TARGET_NAME)";
			};
			name = Debug;
		};
		9B9470291FA3408C00BF2B1F /* Release */ = {
			isa = XCBuildConfiguration;
			buildSettings = {
				ASSETCATALOG_COMPILER_APPICON_NAME = AppIcon;
				INFOPLIST_FILE = Codebase/Info.plist;
				LD_RUNPATH_SEARCH_PATHS = "$(inherited) @executable_path/Frameworks";
				PRODUCT_BUNDLE_IDENTIFIER = com.diaoshihao.Codebase;
				PRODUCT_NAME = "$(TARGET_NAME)";
			};
			name = Release;
		};
		9B94702B1FA3408C00BF2B1F /* Debug */ = {
			isa = XCBuildConfiguration;
			buildSettings = {
				BUNDLE_LOADER = "$(TEST_HOST)";
				INFOPLIST_FILE = CodebaseTests/Info.plist;
				LD_RUNPATH_SEARCH_PATHS = "$(inherited) @executable_path/Frameworks @loader_path/Frameworks";
				PRODUCT_BUNDLE_IDENTIFIER = com.diaoshihao.CodebaseTests;
				PRODUCT_NAME = "$(TARGET_NAME)";
				TEST_HOST = "$(BUILT_PRODUCTS_DIR)/Codebase.app/Codebase";
			};
			name = Debug;
		};
		9B94702C1FA3408C00BF2B1F /* Release */ = {
			isa = XCBuildConfiguration;
			buildSettings = {
				BUNDLE_LOADER = "$(TEST_HOST)";
				INFOPLIST_FILE = CodebaseTests/Info.plist;
				LD_RUNPATH_SEARCH_PATHS = "$(inherited) @executable_path/Frameworks @loader_path/Frameworks";
				PRODUCT_BUNDLE_IDENTIFIER = com.diaoshihao.CodebaseTests;
				PRODUCT_NAME = "$(TARGET_NAME)";
				TEST_HOST = "$(BUILT_PRODUCTS_DIR)/Codebase.app/Codebase";
			};
			name = Release;
		};
		9B94702E1FA3408C00BF2B1F /* Debug */ = {
			isa = XCBuildConfiguration;
			buildSettings = {
				INFOPLIST_FILE = CodebaseUITests/Info.plist;
				LD_RUNPATH_SEARCH_PATHS = "$(inherited) @executable_path/Frameworks @loader_path/Frameworks";
				PRODUCT_BUNDLE_IDENTIFIER = com.diaoshihao.CodebaseUITests;
				PRODUCT_NAME = "$(TARGET_NAME)";
				TEST_TARGET_NAME = Codebase;
			};
			name = Debug;
		};
		9B94702F1FA3408C00BF2B1F /* Release */ = {
			isa = XCBuildConfiguration;
			buildSettings = {
				INFOPLIST_FILE = CodebaseUITests/Info.plist;
				LD_RUNPATH_SEARCH_PATHS = "$(inherited) @executable_path/Frameworks @loader_path/Frameworks";
				PRODUCT_BUNDLE_IDENTIFIER = com.diaoshihao.CodebaseUITests;
				PRODUCT_NAME = "$(TARGET_NAME)";
				TEST_TARGET_NAME = Codebase;
			};
			name = Release;
		};
/* End XCBuildConfiguration section */

/* Begin XCConfigurationList section */
		9B946FF51FA3408C00BF2B1F /* Build configuration list for PBXProject "Codebase" */ = {
			isa = XCConfigurationList;
			buildConfigurations = (
				9B9470251FA3408C00BF2B1F /* Debug */,
				9B9470261FA3408C00BF2B1F /* Release */,
			);
			defaultConfigurationIsVisible = 0;
			defaultConfigurationName = Release;
		};
		9B9470271FA3408C00BF2B1F /* Build configuration list for PBXNativeTarget "Codebase" */ = {
			isa = XCConfigurationList;
			buildConfigurations = (
				9B9470281FA3408C00BF2B1F /* Debug */,
				9B9470291FA3408C00BF2B1F /* Release */,
			);
			defaultConfigurationIsVisible = 0;
			defaultConfigurationName = Release;
		};
		9B94702A1FA3408C00BF2B1F /* Build configuration list for PBXNativeTarget "CodebaseTests" */ = {
			isa = XCConfigurationList;
			buildConfigurations = (
				9B94702B1FA3408C00BF2B1F /* Debug */,
				9B94702C1FA3408C00BF2B1F /* Release */,
			);
			defaultConfigurationIsVisible = 0;
			defaultConfigurationName = Release;
		};
		9B94702D1FA3408C00BF2B1F /* Build configuration list for PBXNativeTarget "CodebaseUITests" */ = {
			isa = XCConfigurationList;
			buildConfigurations = (
				9B94702E1FA3408C00BF2B1F /* Debug */,
				9B94702F1FA3408C00BF2B1F /* Release */,
			);
			defaultConfigurationIsVisible = 0;
			defaultConfigurationName = Release;
		};
/* End XCConfigurationList section */
	};
	rootObject = 9B946FF21FA3408C00BF2B1F /* Project object */;
}
